
Microsoft Visual Studio Solution File, Format Version 12.00
# Visual Studio Version 17
VisualStudioVersion = 17.9.34728.123
MinimumVisualStudioVersion = 10.0.40219.1
Project("{9A19103F-16F7-4668-BE54-9A1E7A4F7556}") = "FitWifFrens.Web", "FitWifFrens.Web\FitWifFrens.Web.csproj", "{4FD3CC72-15EF-465F-B8F6-EE21AEBCF3B2}"
EndProject
Project("{9A19103F-16F7-4668-BE54-9A1E7A4F7556}") = "FitWifFrens.Web.Client", "FitWifFrens.Web.Client\FitWifFrens.Web.Client.csproj", "{F823A22A-763D-4632-B49E-4B9184656691}"
EndProject
Project("{9A19103F-16F7-4668-BE54-9A1E7A4F7556}") = "AspNet.Security.OAuth.WorldId", "AspNet.Security.OAuth.WorldId\AspNet.Security.OAuth.WorldId.csproj", "{01D39F94-A95B-4E24-8546-8D86658C4E9D}"
EndProject
Project("{9A19103F-16F7-4668-BE54-9A1E7A4F7556}") = "FitWifFrens.Data", "FitWifFrens.Data\FitWifFrens.Data.csproj", "{198BFBB2-C032-4440-B5B5-546168C21587}"
EndProject
Project("{9A19103F-16F7-4668-BE54-9A1E7A4F7556}") = "FitWifFrens.Playground", "FitWifFrens.Playground\FitWifFrens.Playground.csproj", "{51417D4A-2C22-4AEB-873C-6590AB56F5B7}"
EndProject
Project("{9A19103F-16F7-4668-BE54-9A1E7A4F7556}") = "FitWifFrens.Background", "FitWifFrens.Background\FitWifFrens.Background.csproj", "{4523AE0A-290F-4F16-B95A-7D8D19CE7507}"
EndProject
Project("{9A19103F-16F7-4668-BE54-9A1E7A4F7556}") = "FitWifFrens.Strava.Api", "FitWifFrens.Strava.Api\FitWifFrens.Strava.Api.csproj", "{0349A459-13D3-4C92-A295-8F0BB3C3FB3B}"
EndProject
Global
	GlobalSection(SolutionConfigurationPlatforms) = preSolution
		Debug|Any CPU = Debug|Any CPU
		Release|Any CPU = Release|Any CPU
	EndGlobalSection
	GlobalSection(ProjectConfigurationPlatforms) = postSolution
		{4FD3CC72-15EF-465F-B8F6-EE21AEBCF3B2}.Debug|Any CPU.ActiveCfg = Debug|Any CPU
		{4FD3CC72-15EF-465F-B8F6-EE21AEBCF3B2}.Debug|Any CPU.Build.0 = Debug|Any CPU
		{4FD3CC72-15EF-465F-B8F6-EE21AEBCF3B2}.Release|Any CPU.ActiveCfg = Release|Any CPU
		{4FD3CC72-15EF-465F-B8F6-EE21AEBCF3B2}.Release|Any CPU.Build.0 = Release|Any CPU
		{F823A22A-763D-4632-B49E-4B9184656691}.Debug|Any CPU.ActiveCfg = Debug|Any CPU
		{F823A22A-763D-4632-B49E-4B9184656691}.Debug|Any CPU.Build.0 = Debug|Any CPU
		{F823A22A-763D-4632-B49E-4B9184656691}.Release|Any CPU.ActiveCfg = Release|Any CPU
		{F823A22A-763D-4632-B49E-4B9184656691}.Release|Any CPU.Build.0 = Release|Any CPU
		{01D39F94-A95B-4E24-8546-8D86658C4E9D}.Debug|Any CPU.ActiveCfg = Debug|Any CPU
		{01D39F94-A95B-4E24-8546-8D86658C4E9D}.Debug|Any CPU.Build.0 = Debug|Any CPU
		{01D39F94-A95B-4E24-8546-8D86658C4E9D}.Release|Any CPU.ActiveCfg = Release|Any CPU
		{01D39F94-A95B-4E24-8546-8D86658C4E9D}.Release|Any CPU.Build.0 = Release|Any CPU
		{198BFBB2-C032-4440-B5B5-546168C21587}.Debug|Any CPU.ActiveCfg = Debug|Any CPU
		{198BFBB2-C032-4440-B5B5-546168C21587}.Debug|Any CPU.Build.0 = Debug|Any CPU
		{198BFBB2-C032-4440-B5B5-546168C21587}.Release|Any CPU.ActiveCfg = Release|Any CPU
		{198BFBB2-C032-4440-B5B5-546168C21587}.Release|Any CPU.Build.0 = Release|Any CPU
		{51417D4A-2C22-4AEB-873C-6590AB56F5B7}.Debug|Any CPU.ActiveCfg = Debug|Any CPU
		{51417D4A-2C22-4AEB-873C-6590AB56F5B7}.Debug|Any CPU.Build.0 = Debug|Any CPU
		{51417D4A-2C22-4AEB-873C-6590AB56F5B7}.Release|Any CPU.ActiveCfg = Release|Any CPU
		{51417D4A-2C22-4AEB-873C-6590AB56F5B7}.Release|Any CPU.Build.0 = Release|Any CPU
		{4523AE0A-290F-4F16-B95A-7D8D19CE7507}.Debug|Any CPU.ActiveCfg = Debug|Any CPU
		{4523AE0A-290F-4F16-B95A-7D8D19CE7507}.Debug|Any CPU.Build.0 = Debug|Any CPU
		{4523AE0A-290F-4F16-B95A-7D8D19CE7507}.Release|Any CPU.ActiveCfg = Release|Any CPU
		{4523AE0A-290F-4F16-B95A-7D8D19CE7507}.Release|Any CPU.Build.0 = Release|Any CPU
		{0349A459-13D3-4C92-A295-8F0BB3C3FB3B}.Debug|Any CPU.ActiveCfg = Debug|Any CPU
		{0349A459-13D3-4C92-A295-8F0BB3C3FB3B}.Debug|Any CPU.Build.0 = Debug|Any CPU
		{0349A459-13D3-4C92-A295-8F0BB3C3FB3B}.Release|Any CPU.ActiveCfg = Release|Any CPU
		{0349A459-13D3-4C92-A295-8F0BB3C3FB3B}.Release|Any CPU.Build.0 = Release|Any CPU
	EndGlobalSection
	GlobalSection(SolutionProperties) = preSolution
		HideSolutionNode = FALSE
	EndGlobalSection
	GlobalSection(ExtensibilityGlobals) = postSolution
		SolutionGuid = {408D832E-783F-4D77-A682-BBDA6E67F030}
	EndGlobalSection
EndGlobal
