
Microsoft Visual Studio Solution File, Format Version 12.00
# Visual Studio Version 17
VisualStudioVersion = 17.9.34728.123
MinimumVisualStudioVersion = 10.0.40219.1
Project("{9A19103F-16F7-4668-BE54-9A1E7A4F7556}") = "AspNet.Security.OAuth.WorldId", "AspNet.Security.OAuth.WorldId\AspNet.Security.OAuth.WorldId.csproj", "{01D39F94-A95B-4E24-8546-8D86658C4E9D}"
EndProject
Project("{9A19103F-16F7-4668-BE54-9A1E7A4F7556}") = "FitWifFrens.Data", "FitWifFrens.Data\FitWifFrens.Data.csproj", "{198BFBB2-C032-4440-B5B5-546168C21587}"
EndProject
Project("{9A19103F-16F7-4668-BE54-9A1E7A4F7556}") = "FitWifFrens.Playground", "FitWifFrens.Playground\FitWifFrens.Playground.csproj", "{51417D4A-2C22-4AEB-873C-6590AB56F5B7}"
EndProject
Project("{9A19103F-16F7-4668-BE54-9A1E7A4F7556}") = "AspNet.Security.OAuth.Withings", "AspNet.Security.OAuth.Withings\AspNet.Security.OAuth.Withings.csproj", "{668E57FB-0254-4F6F-8510-A859701D2DB5}"
EndProject
Project("{9A19103F-16F7-4668-BE54-9A1E7A4F7556}") = "FitWifFrens.Api", "FitWifFrens.Api\FitWifFrens.Api.csproj", "{25F347E9-9EDA-474C-A01F-545AF4495DE7}"
EndProject
Global
	GlobalSection(SolutionConfigurationPlatforms) = preSolution
		Debug|Any CPU = Debug|Any CPU
		Release|Any CPU = Release|Any CPU
	EndGlobalSection
	GlobalSection(ProjectConfigurationPlatforms) = postSolution
		{01D39F94-A95B-4E24-8546-8D86658C4E9D}.Debug|Any CPU.ActiveCfg = Debug|Any CPU
		{01D39F94-A95B-4E24-8546-8D86658C4E9D}.Debug|Any CPU.Build.0 = Debug|Any CPU
		{01D39F94-A95B-4E24-8546-8D86658C4E9D}.Release|Any CPU.ActiveCfg = Release|Any CPU
		{01D39F94-A95B-4E24-8546-8D86658C4E9D}.Release|Any CPU.Build.0 = Release|Any CPU
		{198BFBB2-C032-4440-B5B5-546168C21587}.Debug|Any CPU.ActiveCfg = Debug|Any CPU
		{198BFBB2-C032-4440-B5B5-546168C21587}.Debug|Any CPU.Build.0 = Debug|Any CPU
		{198BFBB2-C032-4440-B5B5-546168C21587}.Release|Any CPU.ActiveCfg = Release|Any CPU
		{198BFBB2-C032-4440-B5B5-546168C21587}.Release|Any CPU.Build.0 = Release|Any CPU
		{51417D4A-2C22-4AEB-873C-6590AB56F5B7}.Debug|Any CPU.ActiveCfg = Debug|Any CPU
		{51417D4A-2C22-4AEB-873C-6590AB56F5B7}.Debug|Any CPU.Build.0 = Debug|Any CPU
		{51417D4A-2C22-4AEB-873C-6590AB56F5B7}.Release|Any CPU.ActiveCfg = Release|Any CPU
		{51417D4A-2C22-4AEB-873C-6590AB56F5B7}.Release|Any CPU.Build.0 = Release|Any CPU
		{668E57FB-0254-4F6F-8510-A859701D2DB5}.Debug|Any CPU.ActiveCfg = Debug|Any CPU
		{668E57FB-0254-4F6F-8510-A859701D2DB5}.Debug|Any CPU.Build.0 = Debug|Any CPU
		{668E57FB-0254-4F6F-8510-A859701D2DB5}.Release|Any CPU.ActiveCfg = Release|Any CPU
		{668E57FB-0254-4F6F-8510-A859701D2DB5}.Release|Any CPU.Build.0 = Release|Any CPU
		{25F347E9-9EDA-474C-A01F-545AF4495DE7}.Debug|Any CPU.ActiveCfg = Debug|Any CPU
		{25F347E9-9EDA-474C-A01F-545AF4495DE7}.Debug|Any CPU.Build.0 = Debug|Any CPU
		{25F347E9-9EDA-474C-A01F-545AF4495DE7}.Release|Any CPU.ActiveCfg = Release|Any CPU
		{25F347E9-9EDA-474C-A01F-545AF4495DE7}.Release|Any CPU.Build.0 = Release|Any CPU
	EndGlobalSection
	GlobalSection(SolutionProperties) = preSolution
		HideSolutionNode = FALSE
	EndGlobalSection
	GlobalSection(ExtensibilityGlobals) = postSolution
		SolutionGuid = {408D832E-783F-4D77-A682-BBDA6E67F030}
	EndGlobalSection
EndGlobal
